
Microsoft Visual Studio Solution File, Format Version 12.00
# Visual Studio Version 16
VisualStudioVersion = 25.0.1706.13
MinimumVisualStudioVersion = 10.0.40219.1
Project("{FAE04EC0-301F-11D3-BF4B-00C04F79EFBC}") = "TaskManager", "TaskManager\TaskManager.csproj", "{669686D3-C2D9-42D0-BC3C-15607167C970}"
EndProject
Global
	GlobalSection(SolutionConfigurationPlatforms) = preSolution
		Debug|Any CPU = Debug|Any CPU
		Release|Any CPU = Release|Any CPU
	EndGlobalSection
	GlobalSection(ProjectConfigurationPlatforms) = postSolution
		{669686D3-C2D9-42D0-BC3C-15607167C970}.Debug|Any CPU.ActiveCfg = Debug|Any CPU
		{669686D3-C2D9-42D0-BC3C-15607167C970}.Debug|Any CPU.Build.0 = Debug|Any CPU
		{669686D3-C2D9-42D0-BC3C-15607167C970}.Release|Any CPU.ActiveCfg = Release|Any CPU
		{669686D3-C2D9-42D0-BC3C-15607167C970}.Release|Any CPU.Build.0 = Release|Any CPU
	EndGlobalSection
	GlobalSection(SolutionProperties) = preSolution
		HideSolutionNode = FALSE
	EndGlobalSection
	GlobalSection(ExtensibilityGlobals) = postSolution
		SolutionGuid = {A7FBB8DE-7460-4A68-867B-219B31D18431}
	EndGlobalSection
EndGlobal
